
Microsoft Visual Studio Solution File, Format Version 12.00
# Visual Studio Version 16
VisualStudioVersion = 16.0.28705.295
MinimumVisualStudioVersion = 10.0.40219.1
Project("{FAE04EC0-301F-11D3-BF4B-00C04F79EFBC}") = "Mute", "Mute\Mute.csproj", "{0EF5DDB8-7429-4B64-82A4-5030A2CD9380}"
EndProject
Global
	GlobalSection(SolutionConfigurationPlatforms) = preSolution
		Debug|Any CPU = Debug|Any CPU
		Release|Any CPU = Release|Any CPU
	EndGlobalSection
	GlobalSection(ProjectConfigurationPlatforms) = postSolution
		{0EF5DDB8-7429-4B64-82A4-5030A2CD9380}.Debug|Any CPU.ActiveCfg = Debug|Any CPU
		{0EF5DDB8-7429-4B64-82A4-5030A2CD9380}.Debug|Any CPU.Build.0 = Debug|Any CPU
		{0EF5DDB8-7429-4B64-82A4-5030A2CD9380}.Release|Any CPU.ActiveCfg = Release|Any CPU
		{0EF5DDB8-7429-4B64-82A4-5030A2CD9380}.Release|Any CPU.Build.0 = Release|Any CPU
	EndGlobalSection
	GlobalSection(SolutionProperties) = preSolution
		HideSolutionNode = FALSE
	EndGlobalSection
	GlobalSection(ExtensibilityGlobals) = postSolution
		SolutionGuid = {57B12817-9440-4328-8D4B-A7C4E8D6CC1F}
	EndGlobalSection
EndGlobal
